{
    "_readme": [
        "This file locks the dependencies of your project to a known state",
        "Read more about it at http://getcomposer.org/doc/01-basic-usage.md#composer-lock-the-lock-file"
    ],
    "hash": "43c6cbb4066a095a110315583f30b06b",
    "packages": [
        {
            "name": "athari/yalinqo",
            "version": "v1.0.1.1",
            "source": {
                "type": "git",
                "url": "https://github.com/Athari/YaLinqo.git",
                "reference": "4fd947f3e3ace4c98481bf3f85a5148fc05b2a92"
            },
            "dist": {
                "type": "zip",
                "url": "https://api.github.com/repos/Athari/YaLinqo/zipball/4fd947f3e3ace4c98481bf3f85a5148fc05b2a92",
                "reference": "4fd947f3e3ace4c98481bf3f85a5148fc05b2a92",
                "shasum": ""
            },
            "require": {
                "php": ">=5.3"
            },
            "type": "library",
            "extra": {
                "branch-alias": {
                    "dev-master": "1.0.x-dev"
                }
            },
            "autoload": {
                "files": [
                    "YaLinqo/Linq.php"
                ]
            },
            "notification-url": "https://packagist.org/downloads/",
            "license": [
                "Simplified BSD"
            ],
            "authors": [
                {
                    "name": "Alexander Prokhorov"
                }
            ],
            "description": "YaLinqo, a LINQ-to-objects library for PHP",
            "homepage": "https://github.com/Athari/YaLinqo",
            "keywords": [
                "linq",
                "linqo",
                "query",
                "statistic"
            ],
            "time": "2014-07-11 15:30:38"
        }
    ],
    "packages-dev": [],
    "aliases": [],
    "minimum-stability": "stable",
    "stability-flags": [],
    "platform": {
        "ext-mysql": "*"
    },
    "platform-dev": []
}
